
Microsoft Visual Studio Solution File, Format Version 12.00
Project("{FAE04EC0-301F-11D3-BF4B-00C04F79EFBC}") = "Cybertek.Books.RestApi", "Cybertek.Books.RestApi\Cybertek.Books.RestApi.csproj", "{38387E7A-26A7-44DF-B19B-7D03D86751DF}"
EndProject
Project("{2150E333-8FDC-42A3-9474-1A3956D46DE8}") = "src", "src", "{56446AD5-FA9E-4083-A86E-82C12D7C8F1F}"
EndProject
Project("{2150E333-8FDC-42A3-9474-1A3956D46DE8}") = "src-core", "src-core", "{88AF8F03-0058-4462-BEB1-0815A8F070D1}"
EndProject
Project("{FAE04EC0-301F-11D3-BF4B-00C04F79EFBC}") = "Cybertek.Logging", "..\cybertek-core\Cybertek.Logging\Cybertek.Logging.csproj", "{34A7C7DA-9156-4076-A2C8-06368FB73C3D}"
EndProject
Project("{FAE04EC0-301F-11D3-BF4B-00C04F79EFBC}") = "Cybertek.Monitoring", "..\cybertek-core\Cybertek.Monitoring\Cybertek.Monitoring.csproj", "{91209605-23B6-4A07-9F5B-3A7A1EFDAAB0}"
EndProject
Project("{FAE04EC0-301F-11D3-BF4B-00C04F79EFBC}") = "Cybertek.Settings", "..\cybertek-core\Cybertek.Settings\Cybertek.Settings.csproj", "{50701AA2-4D45-4E3F-9392-37DDEAA75FE9}"
EndProject
Project("{FAE04EC0-301F-11D3-BF4B-00C04F79EFBC}") = "Cybertek.Books.DataLayer", "Cybertek.Books.DataLayer\Cybertek.Books.DataLayer.csproj", "{65B9F0B7-950B-43EF-91D6-56D86AEABD1E}"
EndProject
Project("{FAE04EC0-301F-11D3-BF4B-00C04F79EFBC}") = "Cybertek.Books.Services", "Cybertek.Books.Services\Cybertek.Books.Services.csproj", "{589D63FE-375D-4EBA-AE20-140E004998FD}"
EndProject
Project("{FAE04EC0-301F-11D3-BF4B-00C04F79EFBC}") = "Cybertek.Books", "Cybertek.Books\Cybertek.Books.csproj", "{76239BE3-68A6-4DDE-87F7-A2887ABDF1FB}"
EndProject
Project("{FAE04EC0-301F-11D3-BF4B-00C04F79EFBC}") = "Cybertek.Books.Domains", "Cybertek.Books.Domains\Cybertek.Books.Domains.csproj", "{2359708D-7C7B-4D17-8305-EA6C9CC7D8F5}"
EndProject
Project("{FAE04EC0-301F-11D3-BF4B-00C04F79EFBC}") = "Cybertek.Extensions", "..\cybertek-core\Cybertek.Extensions\Cybertek.Extensions.csproj", "{6507E4A2-76A3-4C3E-990F-82BC19685641}"
EndProject
Project("{FAE04EC0-301F-11D3-BF4B-00C04F79EFBC}") = "Cybertek.Paging", "..\cybertek-core\Cybertek.Paging\Cybertek.Paging.csproj", "{2E811986-A45E-4528-AE30-4ABA6F12B3AC}"
EndProject
Project("{FAE04EC0-301F-11D3-BF4B-00C04F79EFBC}") = "Cybertek.Repository", "..\cybertek-core\Cybertek.Repository\Cybertek.Repository.csproj", "{E7570F2A-CD8C-4CF7-877B-13E9EA7BFE61}"
EndProject
Project("{FAE04EC0-301F-11D3-BF4B-00C04F79EFBC}") = "Cybertek.Apis.Common", "..\cybertek-core\Cybertek.Apis.Common\Cybertek.Apis.Common.csproj", "{693A101E-CDFA-4496-AFE3-5163BE99D141}"
EndProject
Project("{FAE04EC0-301F-11D3-BF4B-00C04F79EFBC}") = "Cybertek.Validation", "..\cybertek-core\Cybertek.Validation\Cybertek.Validation.csproj", "{350ABB9C-2334-4246-BD03-73472E0E39EC}"
EndProject
Project("{FAE04EC0-301F-11D3-BF4B-00C04F79EFBC}") = "Cybertek.Common", "..\cybertek-core\Cybertek.Common\Cybertek.Common.csproj", "{8B1AA807-08E2-46D7-B226-7C5918CB57B5}"
EndProject
Global
	GlobalSection(SolutionConfigurationPlatforms) = preSolution
		Debug|Any CPU = Debug|Any CPU
		Release|Any CPU = Release|Any CPU
	EndGlobalSection
	GlobalSection(ProjectConfigurationPlatforms) = postSolution
		{38387E7A-26A7-44DF-B19B-7D03D86751DF}.Debug|Any CPU.ActiveCfg = Debug|Any CPU
		{38387E7A-26A7-44DF-B19B-7D03D86751DF}.Debug|Any CPU.Build.0 = Debug|Any CPU
		{38387E7A-26A7-44DF-B19B-7D03D86751DF}.Release|Any CPU.ActiveCfg = Release|Any CPU
		{38387E7A-26A7-44DF-B19B-7D03D86751DF}.Release|Any CPU.Build.0 = Release|Any CPU
		{34A7C7DA-9156-4076-A2C8-06368FB73C3D}.Debug|Any CPU.ActiveCfg = Debug|Any CPU
		{34A7C7DA-9156-4076-A2C8-06368FB73C3D}.Debug|Any CPU.Build.0 = Debug|Any CPU
		{34A7C7DA-9156-4076-A2C8-06368FB73C3D}.Release|Any CPU.ActiveCfg = Release|Any CPU
		{34A7C7DA-9156-4076-A2C8-06368FB73C3D}.Release|Any CPU.Build.0 = Release|Any CPU
		{91209605-23B6-4A07-9F5B-3A7A1EFDAAB0}.Debug|Any CPU.ActiveCfg = Debug|Any CPU
		{91209605-23B6-4A07-9F5B-3A7A1EFDAAB0}.Debug|Any CPU.Build.0 = Debug|Any CPU
		{91209605-23B6-4A07-9F5B-3A7A1EFDAAB0}.Release|Any CPU.ActiveCfg = Release|Any CPU
		{91209605-23B6-4A07-9F5B-3A7A1EFDAAB0}.Release|Any CPU.Build.0 = Release|Any CPU
		{50701AA2-4D45-4E3F-9392-37DDEAA75FE9}.Debug|Any CPU.ActiveCfg = Debug|Any CPU
		{50701AA2-4D45-4E3F-9392-37DDEAA75FE9}.Debug|Any CPU.Build.0 = Debug|Any CPU
		{50701AA2-4D45-4E3F-9392-37DDEAA75FE9}.Release|Any CPU.ActiveCfg = Release|Any CPU
		{50701AA2-4D45-4E3F-9392-37DDEAA75FE9}.Release|Any CPU.Build.0 = Release|Any CPU
		{65B9F0B7-950B-43EF-91D6-56D86AEABD1E}.Debug|Any CPU.ActiveCfg = Debug|Any CPU
		{65B9F0B7-950B-43EF-91D6-56D86AEABD1E}.Debug|Any CPU.Build.0 = Debug|Any CPU
		{65B9F0B7-950B-43EF-91D6-56D86AEABD1E}.Release|Any CPU.ActiveCfg = Release|Any CPU
		{65B9F0B7-950B-43EF-91D6-56D86AEABD1E}.Release|Any CPU.Build.0 = Release|Any CPU
		{589D63FE-375D-4EBA-AE20-140E004998FD}.Debug|Any CPU.ActiveCfg = Debug|Any CPU
		{589D63FE-375D-4EBA-AE20-140E004998FD}.Debug|Any CPU.Build.0 = Debug|Any CPU
		{589D63FE-375D-4EBA-AE20-140E004998FD}.Release|Any CPU.ActiveCfg = Release|Any CPU
		{589D63FE-375D-4EBA-AE20-140E004998FD}.Release|Any CPU.Build.0 = Release|Any CPU
		{76239BE3-68A6-4DDE-87F7-A2887ABDF1FB}.Debug|Any CPU.ActiveCfg = Debug|Any CPU
		{76239BE3-68A6-4DDE-87F7-A2887ABDF1FB}.Debug|Any CPU.Build.0 = Debug|Any CPU
		{76239BE3-68A6-4DDE-87F7-A2887ABDF1FB}.Release|Any CPU.ActiveCfg = Release|Any CPU
		{76239BE3-68A6-4DDE-87F7-A2887ABDF1FB}.Release|Any CPU.Build.0 = Release|Any CPU
		{2359708D-7C7B-4D17-8305-EA6C9CC7D8F5}.Debug|Any CPU.ActiveCfg = Debug|Any CPU
		{2359708D-7C7B-4D17-8305-EA6C9CC7D8F5}.Debug|Any CPU.Build.0 = Debug|Any CPU
		{2359708D-7C7B-4D17-8305-EA6C9CC7D8F5}.Release|Any CPU.ActiveCfg = Release|Any CPU
		{2359708D-7C7B-4D17-8305-EA6C9CC7D8F5}.Release|Any CPU.Build.0 = Release|Any CPU
		{6507E4A2-76A3-4C3E-990F-82BC19685641}.Debug|Any CPU.ActiveCfg = Debug|Any CPU
		{6507E4A2-76A3-4C3E-990F-82BC19685641}.Debug|Any CPU.Build.0 = Debug|Any CPU
		{6507E4A2-76A3-4C3E-990F-82BC19685641}.Release|Any CPU.ActiveCfg = Release|Any CPU
		{6507E4A2-76A3-4C3E-990F-82BC19685641}.Release|Any CPU.Build.0 = Release|Any CPU
		{2E811986-A45E-4528-AE30-4ABA6F12B3AC}.Debug|Any CPU.ActiveCfg = Debug|Any CPU
		{2E811986-A45E-4528-AE30-4ABA6F12B3AC}.Debug|Any CPU.Build.0 = Debug|Any CPU
		{2E811986-A45E-4528-AE30-4ABA6F12B3AC}.Release|Any CPU.ActiveCfg = Release|Any CPU
		{2E811986-A45E-4528-AE30-4ABA6F12B3AC}.Release|Any CPU.Build.0 = Release|Any CPU
		{E7570F2A-CD8C-4CF7-877B-13E9EA7BFE61}.Debug|Any CPU.ActiveCfg = Debug|Any CPU
		{E7570F2A-CD8C-4CF7-877B-13E9EA7BFE61}.Debug|Any CPU.Build.0 = Debug|Any CPU
		{E7570F2A-CD8C-4CF7-877B-13E9EA7BFE61}.Release|Any CPU.ActiveCfg = Release|Any CPU
		{E7570F2A-CD8C-4CF7-877B-13E9EA7BFE61}.Release|Any CPU.Build.0 = Release|Any CPU
		{693A101E-CDFA-4496-AFE3-5163BE99D141}.Debug|Any CPU.ActiveCfg = Debug|Any CPU
		{693A101E-CDFA-4496-AFE3-5163BE99D141}.Debug|Any CPU.Build.0 = Debug|Any CPU
		{693A101E-CDFA-4496-AFE3-5163BE99D141}.Release|Any CPU.ActiveCfg = Release|Any CPU
		{693A101E-CDFA-4496-AFE3-5163BE99D141}.Release|Any CPU.Build.0 = Release|Any CPU
		{350ABB9C-2334-4246-BD03-73472E0E39EC}.Debug|Any CPU.ActiveCfg = Debug|Any CPU
		{350ABB9C-2334-4246-BD03-73472E0E39EC}.Debug|Any CPU.Build.0 = Debug|Any CPU
		{350ABB9C-2334-4246-BD03-73472E0E39EC}.Release|Any CPU.ActiveCfg = Release|Any CPU
		{350ABB9C-2334-4246-BD03-73472E0E39EC}.Release|Any CPU.Build.0 = Release|Any CPU
		{8B1AA807-08E2-46D7-B226-7C5918CB57B5}.Debug|Any CPU.ActiveCfg = Debug|Any CPU
		{8B1AA807-08E2-46D7-B226-7C5918CB57B5}.Debug|Any CPU.Build.0 = Debug|Any CPU
		{8B1AA807-08E2-46D7-B226-7C5918CB57B5}.Release|Any CPU.ActiveCfg = Release|Any CPU
		{8B1AA807-08E2-46D7-B226-7C5918CB57B5}.Release|Any CPU.Build.0 = Release|Any CPU
	EndGlobalSection
	GlobalSection(NestedProjects) = preSolution
		{38387E7A-26A7-44DF-B19B-7D03D86751DF} = {56446AD5-FA9E-4083-A86E-82C12D7C8F1F}
		{34A7C7DA-9156-4076-A2C8-06368FB73C3D} = {88AF8F03-0058-4462-BEB1-0815A8F070D1}
		{91209605-23B6-4A07-9F5B-3A7A1EFDAAB0} = {88AF8F03-0058-4462-BEB1-0815A8F070D1}
		{50701AA2-4D45-4E3F-9392-37DDEAA75FE9} = {88AF8F03-0058-4462-BEB1-0815A8F070D1}
		{65B9F0B7-950B-43EF-91D6-56D86AEABD1E} = {56446AD5-FA9E-4083-A86E-82C12D7C8F1F}
		{589D63FE-375D-4EBA-AE20-140E004998FD} = {56446AD5-FA9E-4083-A86E-82C12D7C8F1F}
		{76239BE3-68A6-4DDE-87F7-A2887ABDF1FB} = {56446AD5-FA9E-4083-A86E-82C12D7C8F1F}
		{2359708D-7C7B-4D17-8305-EA6C9CC7D8F5} = {56446AD5-FA9E-4083-A86E-82C12D7C8F1F}
		{6507E4A2-76A3-4C3E-990F-82BC19685641} = {88AF8F03-0058-4462-BEB1-0815A8F070D1}
		{2E811986-A45E-4528-AE30-4ABA6F12B3AC} = {88AF8F03-0058-4462-BEB1-0815A8F070D1}
		{E7570F2A-CD8C-4CF7-877B-13E9EA7BFE61} = {88AF8F03-0058-4462-BEB1-0815A8F070D1}
		{693A101E-CDFA-4496-AFE3-5163BE99D141} = {88AF8F03-0058-4462-BEB1-0815A8F070D1}
		{350ABB9C-2334-4246-BD03-73472E0E39EC} = {88AF8F03-0058-4462-BEB1-0815A8F070D1}
		{8B1AA807-08E2-46D7-B226-7C5918CB57B5} = {88AF8F03-0058-4462-BEB1-0815A8F070D1}
	EndGlobalSection
EndGlobal
